{
  "nodes": {
    "nixpack": {
      "locked": {
        "lastModified": 1761683471,
        "narHash": "sha256-ekmJoqam0bIAeDeViIQ5WRyDAas6zF6ZuBXSgx89mQY=",
        "owner": "composewell",
        "repo": "nixpack",
        "rev": "1e32d15f5e4903f5be5d05c429ee66dff9c8d1ee",
        "type": "github"
      },
      "original": {
        "owner": "composewell",
        "repo": "nixpack",
        "rev": "1e32d15f5e4903f5be5d05c429ee66dff9c8d1ee",
        "type": "github"
      }
    },
    "nixpkgs": {
      "locked": {
        "lastModified": 1761440988,
        "narHash": "sha256-2qsow3cQIgZB2g8Cy8cW+L9eXDHP6a1PsvOschk5y+E=",
        "owner": "NixOS",
        "repo": "nixpkgs",
        "rev": "de69d2ba6c70e747320df9c096523b623d3a4c35",
        "type": "github"
      },
      "original": {
        "owner": "NixOS",
        "repo": "nixpkgs",
        "rev": "de69d2ba6c70e747320df9c096523b623d3a4c35",
        "type": "github"
      }
    },
    "nixpkgs-darwin": {
      "locked": {
        "lastModified": 1758397774,
        "narHash": "sha256-ui5ciTMlP4nSkxHAjfJTUCt/INLykPuv/Z7Ifj4GmhA=",
        "owner": "NixOS",
        "repo": "nixpkgs",
        "rev": "c3d456aad3a84fcd76b4bebf8b48be169fc45c31",
        "type": "github"
      },
      "original": {
        "owner": "NixOS",
        "repo": "nixpkgs",
        "rev": "c3d456aad3a84fcd76b4bebf8b48be169fc45c31",
        "type": "github"
      }
    },
    "root": {
      "inputs": {
        "nixpack": "nixpack",
        "nixpkgs": "nixpkgs",
        "nixpkgs-darwin": "nixpkgs-darwin"
      }
    }
  },
  "root": "root",
  "version": 7
}
